
Microsoft Visual Studio Solution File, Format Version 12.00
# Visual Studio Version 17
VisualStudioVersion = 17.10.34928.147
MinimumVisualStudioVersion = 10.0.40219.1
Project("{FAE04EC0-301F-11D3-BF4B-00C04F79EFBC}") = "movie-database", "movie-database.csproj", "{8C0D22ED-5DB4-4994-AA8C-580BC1638AAD}"
EndProject
Global
	GlobalSection(SolutionConfigurationPlatforms) = preSolution
		Debug|Any CPU = Debug|Any CPU
		Release|Any CPU = Release|Any CPU
	EndGlobalSection
	GlobalSection(ProjectConfigurationPlatforms) = postSolution
		{8C0D22ED-5DB4-4994-AA8C-580BC1638AAD}.Debug|Any CPU.ActiveCfg = Debug|Any CPU
		{8C0D22ED-5DB4-4994-AA8C-580BC1638AAD}.Debug|Any CPU.Build.0 = Debug|Any CPU
		{8C0D22ED-5DB4-4994-AA8C-580BC1638AAD}.Release|Any CPU.ActiveCfg = Release|Any CPU
		{8C0D22ED-5DB4-4994-AA8C-580BC1638AAD}.Release|Any CPU.Build.0 = Release|Any CPU
	EndGlobalSection
	GlobalSection(SolutionProperties) = preSolution
		HideSolutionNode = FALSE
	EndGlobalSection
	GlobalSection(ExtensibilityGlobals) = postSolution
		SolutionGuid = {F410608C-D4E9-469E-813C-12418C28E7EE}
	EndGlobalSection
EndGlobal
